
Microsoft Visual Studio Solution File, Format Version 12.00
# Visual Studio Version 17
VisualStudioVersion = 17.11.35222.181
MinimumVisualStudioVersion = 10.0.40219.1
Project("{FAE04EC0-301F-11D3-BF4B-00C04F79EFBC}") = "lab32024", "lab32024\lab32024.csproj", "{BE1234EF-4D98-4BD0-ADB7-774D6A35DEA9}"
EndProject
Global
	GlobalSection(SolutionConfigurationPlatforms) = preSolution
		Debug|Any CPU = Debug|Any CPU
		Release|Any CPU = Release|Any CPU
	EndGlobalSection
	GlobalSection(ProjectConfigurationPlatforms) = postSolution
		{BE1234EF-4D98-4BD0-ADB7-774D6A35DEA9}.Debug|Any CPU.ActiveCfg = Debug|Any CPU
		{BE1234EF-4D98-4BD0-ADB7-774D6A35DEA9}.Debug|Any CPU.Build.0 = Debug|Any CPU
		{BE1234EF-4D98-4BD0-ADB7-774D6A35DEA9}.Release|Any CPU.ActiveCfg = Release|Any CPU
		{BE1234EF-4D98-4BD0-ADB7-774D6A35DEA9}.Release|Any CPU.Build.0 = Release|Any CPU
	EndGlobalSection
	GlobalSection(SolutionProperties) = preSolution
		HideSolutionNode = FALSE
	EndGlobalSection
	GlobalSection(ExtensibilityGlobals) = postSolution
		SolutionGuid = {2061FB1B-D280-493B-8148-5A8777F01613}
	EndGlobalSection
EndGlobal
